// !$*UTF8*$!
{
	archiveVersion = 1;
	classes = {
	};
	objectVersion = 55;
	objects = {

/* Begin PBXBuildFile section */
		920625A727C6B6E3008BE8B5 /* CSUFExploreApp.swift in Sources */ = {isa = PBXBuildFile; fileRef = 920625A627C6B6E3008BE8B5 /* CSUFExploreApp.swift */; };
		920625A927C6B6E3008BE8B5 /* ContentView.swift in Sources */ = {isa = PBXBuildFile; fileRef = 920625A827C6B6E3008BE8B5 /* ContentView.swift */; };
		920625AB27C6B6E4008BE8B5 /* Assets.xcassets in Resources */ = {isa = PBXBuildFile; fileRef = 920625AA27C6B6E4008BE8B5 /* Assets.xcassets */; };
		920625AE27C6B6E4008BE8B5 /* Preview Assets.xcassets in Resources */ = {isa = PBXBuildFile; fileRef = 920625AD27C6B6E4008BE8B5 /* Preview Assets.xcassets */; };
		920625B827C6B6E4008BE8B5 /* CSUFExploreTests.swift in Sources */ = {isa = PBXBuildFile; fileRef = 920625B727C6B6E4008BE8B5 /* CSUFExploreTests.swift */; };
		920625C227C6B6E5008BE8B5 /* CSUFExploreUITests.swift in Sources */ = {isa = PBXBuildFile; fileRef = 920625C127C6B6E5008BE8B5 /* CSUFExploreUITests.swift */; };
		920625C427C6B6E5008BE8B5 /* CSUFExploreUITestsLaunchTests.swift in Sources */ = {isa = PBXBuildFile; fileRef = 920625C327C6B6E5008BE8B5 /* CSUFExploreUITestsLaunchTests.swift */; };
		920625D127C6B7AA008BE8B5 /* .gitignore in Resources */ = {isa = PBXBuildFile; fileRef = 920625D027C6B7AA008BE8B5 /* .gitignore */; };
		921959E72829CAEC00FEB608 /* ArrowView.swift in Sources */ = {isa = PBXBuildFile; fileRef = 921959E22829CAEC00FEB608 /* ArrowView.swift */; };
		921959E82829CAEC00FEB608 /* ArrowController.swift in Sources */ = {isa = PBXBuildFile; fileRef = 921959E32829CAEC00FEB608 /* ArrowController.swift */; };
		921959E92829CAEC00FEB608 /* CellButtonView.swift in Sources */ = {isa = PBXBuildFile; fileRef = 921959E42829CAEC00FEB608 /* CellButtonView.swift */; };
		921959EA2829CAEC00FEB608 /* Grid.swift in Sources */ = {isa = PBXBuildFile; fileRef = 921959E52829CAEC00FEB608 /* Grid.swift */; };
		921959EB2829CAEC00FEB608 /* GridView.swift in Sources */ = {isa = PBXBuildFile; fileRef = 921959E62829CAEC00FEB608 /* GridView.swift */; };
		921959F32829CAFA00FEB608 /* PGridNode.swift in Sources */ = {isa = PBXBuildFile; fileRef = 921959ED2829CAF900FEB608 /* PGridNode.swift */; };
		921959F42829CAFA00FEB608 /* MazeLocation.swift in Sources */ = {isa = PBXBuildFile; fileRef = 921959EE2829CAF900FEB608 /* MazeLocation.swift */; };
		921959F52829CAFA00FEB608 /* PathfinderView.swift in Sources */ = {isa = PBXBuildFile; fileRef = 921959EF2829CAF900FEB608 /* PathfinderView.swift */; };
		921959F62829CAFA00FEB608 /* PGrid.swift in Sources */ = {isa = PBXBuildFile; fileRef = 921959F02829CAF900FEB608 /* PGrid.swift */; };
		921959F72829CAFA00FEB608 /* FloodFill.swift in Sources */ = {isa = PBXBuildFile; fileRef = 921959F12829CAF900FEB608 /* FloodFill.swift */; };
		921959F82829CAFA00FEB608 /* BFS.swift in Sources */ = {isa = PBXBuildFile; fileRef = 921959F22829CAF900FEB608 /* BFS.swift */; };
		9258D500281B2F85000FB1C3 /* NearbyBuildingsTourView.swift in Sources */ = {isa = PBXBuildFile; fileRef = 9258D4FF281B2F85000FB1C3 /* NearbyBuildingsTourView.swift */; };
		92A171A727D9FD6E005D4E7D /* MapAgent.swift in Sources */ = {isa = PBXBuildFile; fileRef = 92A171A627D9FD6E005D4E7D /* MapAgent.swift */; };
		92A82BC327C6FD2300473601 /* Building.swift in Sources */ = {isa = PBXBuildFile; fileRef = 92A82BC227C6FD2300473601 /* Building.swift */; };
		92D2F9612811ECAF00BDE7F0 /* DirectionShape.swift in Sources */ = {isa = PBXBuildFile; fileRef = 92D2F9602811ECAF00BDE7F0 /* DirectionShape.swift */; };
		92FC976027EC5A8A007C7014 /* Coordinates.swift in Sources */ = {isa = PBXBuildFile; fileRef = 92FC975F27EC5A8A007C7014 /* Coordinates.swift */; };
		C424FA3727FAC2E9002F0B0C /* AppInfoViews.swift in Sources */ = {isa = PBXBuildFile; fileRef = C424FA3627FAC2E9002F0B0C /* AppInfoViews.swift */; };
		C424FA3F28041328002F0B0C /* AppInfo.swift in Sources */ = {isa = PBXBuildFile; fileRef = C424FA3E28041327002F0B0C /* AppInfo.swift */; };
/* End PBXBuildFile section */

/* Begin PBXContainerItemProxy section */
		920625B427C6B6E4008BE8B5 /* PBXContainerItemProxy */ = {
			isa = PBXContainerItemProxy;
			containerPortal = 9206259B27C6B6E2008BE8B5 /* Project object */;
			proxyType = 1;
			remoteGlobalIDString = 920625A227C6B6E3008BE8B5;
			remoteInfo = CSUFExplore;
		};
		920625BE27C6B6E5008BE8B5 /* PBXContainerItemProxy */ = {
			isa = PBXContainerItemProxy;
			containerPortal = 9206259B27C6B6E2008BE8B5 /* Project object */;
			proxyType = 1;
			remoteGlobalIDString = 920625A227C6B6E3008BE8B5;
			remoteInfo = CSUFExplore;
		};
/* End PBXContainerItemProxy section */

/* Begin PBXFileReference section */
		920625A327C6B6E3008BE8B5 /* CSUFExplore.app */ = {isa = PBXFileReference; explicitFileType = wrapper.application; includeInIndex = 0; path = CSUFExplore.app; sourceTree = BUILT_PRODUCTS_DIR; };
		920625A627C6B6E3008BE8B5 /* CSUFExploreApp.swift */ = {isa = PBXFileReference; lastKnownFileType = sourcecode.swift; path = CSUFExploreApp.swift; sourceTree = "<group>"; };
		920625A827C6B6E3008BE8B5 /* ContentView.swift */ = {isa = PBXFileReference; lastKnownFileType = sourcecode.swift; path = ContentView.swift; sourceTree = "<group>"; };
		920625AA27C6B6E4008BE8B5 /* Assets.xcassets */ = {isa = PBXFileReference; lastKnownFileType = folder.assetcatalog; path = Assets.xcassets; sourceTree = "<group>"; };
		920625AD27C6B6E4008BE8B5 /* Preview Assets.xcassets */ = {isa = PBXFileReference; lastKnownFileType = folder.assetcatalog; path = "Preview Assets.xcassets"; sourceTree = "<group>"; };
		920625B327C6B6E4008BE8B5 /* CSUFExploreTests.xctest */ = {isa = PBXFileReference; explicitFileType = wrapper.cfbundle; includeInIndex = 0; path = CSUFExploreTests.xctest; sourceTree = BUILT_PRODUCTS_DIR; };
		920625B727C6B6E4008BE8B5 /* CSUFExploreTests.swift */ = {isa = PBXFileReference; lastKnownFileType = sourcecode.swift; path = CSUFExploreTests.swift; sourceTree = "<group>"; };
		920625BD27C6B6E5008BE8B5 /* CSUFExploreUITests.xctest */ = {isa = PBXFileReference; explicitFileType = wrapper.cfbundle; includeInIndex = 0; path = CSUFExploreUITests.xctest; sourceTree = BUILT_PRODUCTS_DIR; };
		920625C127C6B6E5008BE8B5 /* CSUFExploreUITests.swift */ = {isa = PBXFileReference; lastKnownFileType = sourcecode.swift; path = CSUFExploreUITests.swift; sourceTree = "<group>"; };
		920625C327C6B6E5008BE8B5 /* CSUFExploreUITestsLaunchTests.swift */ = {isa = PBXFileReference; lastKnownFileType = sourcecode.swift; path = CSUFExploreUITestsLaunchTests.swift; sourceTree = "<group>"; };
		920625D027C6B7AA008BE8B5 /* .gitignore */ = {isa = PBXFileReference; lastKnownFileType = text; path = .gitignore; sourceTree = "<group>"; };
		921959E22829CAEC00FEB608 /* ArrowView.swift */ = {isa = PBXFileReference; fileEncoding = 4; lastKnownFileType = sourcecode.swift; path = ArrowView.swift; sourceTree = "<group>"; };
		921959E32829CAEC00FEB608 /* ArrowController.swift */ = {isa = PBXFileReference; fileEncoding = 4; lastKnownFileType = sourcecode.swift; path = ArrowController.swift; sourceTree = "<group>"; };
		921959E42829CAEC00FEB608 /* CellButtonView.swift */ = {isa = PBXFileReference; fileEncoding = 4; lastKnownFileType = sourcecode.swift; path = CellButtonView.swift; sourceTree = "<group>"; };
		921959E52829CAEC00FEB608 /* Grid.swift */ = {isa = PBXFileReference; fileEncoding = 4; lastKnownFileType = sourcecode.swift; path = Grid.swift; sourceTree = "<group>"; };
		921959E62829CAEC00FEB608 /* GridView.swift */ = {isa = PBXFileReference; fileEncoding = 4; lastKnownFileType = sourcecode.swift; path = GridView.swift; sourceTree = "<group>"; };
		921959ED2829CAF900FEB608 /* PGridNode.swift */ = {isa = PBXFileReference; fileEncoding = 4; lastKnownFileType = sourcecode.swift; path = PGridNode.swift; sourceTree = "<group>"; };
		921959EE2829CAF900FEB608 /* MazeLocation.swift */ = {isa = PBXFileReference; fileEncoding = 4; lastKnownFileType = sourcecode.swift; path = MazeLocation.swift; sourceTree = "<group>"; };
		921959EF2829CAF900FEB608 /* PathfinderView.swift */ = {isa = PBXFileReference; fileEncoding = 4; lastKnownFileType = sourcecode.swift; path = PathfinderView.swift; sourceTree = "<group>"; };
		921959F02829CAF900FEB608 /* PGrid.swift */ = {isa = PBXFileReference; fileEncoding = 4; lastKnownFileType = sourcecode.swift; path = PGrid.swift; sourceTree = "<group>"; };
		921959F12829CAF900FEB608 /* FloodFill.swift */ = {isa = PBXFileReference; fileEncoding = 4; lastKnownFileType = sourcecode.swift; path = FloodFill.swift; sourceTree = "<group>"; };
		921959F22829CAF900FEB608 /* BFS.swift */ = {isa = PBXFileReference; fileEncoding = 4; lastKnownFileType = sourcecode.swift; path = BFS.swift; sourceTree = "<group>"; };
		9258D4FF281B2F85000FB1C3 /* NearbyBuildingsTourView.swift */ = {isa = PBXFileReference; lastKnownFileType = sourcecode.swift; path = NearbyBuildingsTourView.swift; sourceTree = "<group>"; };
		92A171A627D9FD6E005D4E7D /* MapAgent.swift */ = {isa = PBXFileReference; lastKnownFileType = sourcecode.swift; path = MapAgent.swift; sourceTree = "<group>"; };
		92A82BC227C6FD2300473601 /* Building.swift */ = {isa = PBXFileReference; lastKnownFileType = sourcecode.swift; path = Building.swift; sourceTree = "<group>"; };
		92D2F9602811ECAF00BDE7F0 /* DirectionShape.swift */ = {isa = PBXFileReference; lastKnownFileType = sourcecode.swift; path = DirectionShape.swift; sourceTree = "<group>"; };
		92FC975F27EC5A8A007C7014 /* Coordinates.swift */ = {isa = PBXFileReference; lastKnownFileType = sourcecode.swift; path = Coordinates.swift; sourceTree = "<group>"; };
		C424FA3627FAC2E9002F0B0C /* AppInfoViews.swift */ = {isa = PBXFileReference; lastKnownFileType = sourcecode.swift; path = AppInfoViews.swift; sourceTree = "<group>"; };
		C424FA3E28041327002F0B0C /* AppInfo.swift */ = {isa = PBXFileReference; lastKnownFileType = sourcecode.swift; path = AppInfo.swift; sourceTree = "<group>"; };
		C4310A942829AFD400621538 /* GridArrow */ = {isa = PBXFileReference; lastKnownFileType = folder; path = GridArrow; sourceTree = "<group>"; };
/* End PBXFileReference section */

/* Begin PBXFrameworksBuildPhase section */
		920625A027C6B6E3008BE8B5 /* Frameworks */ = {
			isa = PBXFrameworksBuildPhase;
			buildActionMask = 2147483647;
			files = (
			);
			runOnlyForDeploymentPostprocessing = 0;
		};
		920625B027C6B6E4008BE8B5 /* Frameworks */ = {
			isa = PBXFrameworksBuildPhase;
			buildActionMask = 2147483647;
			files = (
			);
			runOnlyForDeploymentPostprocessing = 0;
		};
		920625BA27C6B6E5008BE8B5 /* Frameworks */ = {
			isa = PBXFrameworksBuildPhase;
			buildActionMask = 2147483647;
			files = (
			);
			runOnlyForDeploymentPostprocessing = 0;
		};
/* End PBXFrameworksBuildPhase section */

/* Begin PBXGroup section */
		9206259A27C6B6E2008BE8B5 = {
			isa = PBXGroup;
			children = (
				920625D027C6B7AA008BE8B5 /* .gitignore */,
				920625A527C6B6E3008BE8B5 /* CSUFExplore */,
				920625B627C6B6E4008BE8B5 /* CSUFExploreTests */,
				920625C027C6B6E5008BE8B5 /* CSUFExploreUITests */,
				920625A427C6B6E3008BE8B5 /* Products */,
			);
			sourceTree = "<group>";
		};
		920625A427C6B6E3008BE8B5 /* Products */ = {
			isa = PBXGroup;
			children = (
				920625A327C6B6E3008BE8B5 /* CSUFExplore.app */,
				920625B327C6B6E4008BE8B5 /* CSUFExploreTests.xctest */,
				920625BD27C6B6E5008BE8B5 /* CSUFExploreUITests.xctest */,
			);
			name = Products;
			sourceTree = "<group>";
		};
		920625A527C6B6E3008BE8B5 /* CSUFExplore */ = {
			isa = PBXGroup;
			children = (
				921959EC2829CAF900FEB608 /* Pathfinder */,
				921959E12829CAEC00FEB608 /* GridArrow */,
				9258D4FE281B2D3B000FB1C3 /* NearbyBuildings */,
				920625A627C6B6E3008BE8B5 /* CSUFExploreApp.swift */,
				920625A827C6B6E3008BE8B5 /* ContentView.swift */,
				920625AA27C6B6E4008BE8B5 /* Assets.xcassets */,
				920625AC27C6B6E4008BE8B5 /* Preview Content */,
				C424FA3627FAC2E9002F0B0C /* AppInfoViews.swift */,
			);
			path = CSUFExplore;
			sourceTree = "<group>";
		};
		920625AC27C6B6E4008BE8B5 /* Preview Content */ = {
			isa = PBXGroup;
			children = (
				920625AD27C6B6E4008BE8B5 /* Preview Assets.xcassets */,
			);
			path = "Preview Content";
			sourceTree = "<group>";
		};
		920625B627C6B6E4008BE8B5 /* CSUFExploreTests */ = {
			isa = PBXGroup;
			children = (
				920625B727C6B6E4008BE8B5 /* CSUFExploreTests.swift */,
				C424FA3E28041327002F0B0C /* AppInfo.swift */,
			);
			path = CSUFExploreTests;
			sourceTree = "<group>";
		};
		920625C027C6B6E5008BE8B5 /* CSUFExploreUITests */ = {
			isa = PBXGroup;
			children = (
				920625C127C6B6E5008BE8B5 /* CSUFExploreUITests.swift */,
				920625C327C6B6E5008BE8B5 /* CSUFExploreUITestsLaunchTests.swift */,
			);
			path = CSUFExploreUITests;
			sourceTree = "<group>";
		};
		921959E12829CAEC00FEB608 /* GridArrow */ = {
			isa = PBXGroup;
			children = (
				921959E22829CAEC00FEB608 /* ArrowView.swift */,
				921959E32829CAEC00FEB608 /* ArrowController.swift */,
				921959E42829CAEC00FEB608 /* CellButtonView.swift */,
				921959E52829CAEC00FEB608 /* Grid.swift */,
				921959E62829CAEC00FEB608 /* GridView.swift */,
			);
			path = GridArrow;
			sourceTree = "<group>";
		};
		921959EC2829CAF900FEB608 /* Pathfinder */ = {
			isa = PBXGroup;
			children = (
				921959ED2829CAF900FEB608 /* PGridNode.swift */,
				921959EE2829CAF900FEB608 /* MazeLocation.swift */,
				921959EF2829CAF900FEB608 /* PathfinderView.swift */,
				921959F02829CAF900FEB608 /* PGrid.swift */,
				921959F12829CAF900FEB608 /* FloodFill.swift */,
				921959F22829CAF900FEB608 /* BFS.swift */,
			);
			path = Pathfinder;
			sourceTree = "<group>";
		};
		9258D4FE281B2D3B000FB1C3 /* NearbyBuildings */ = {
			isa = PBXGroup;
			children = (
				92A171A627D9FD6E005D4E7D /* MapAgent.swift */,
				92A82BC227C6FD2300473601 /* Building.swift */,
				92FC975F27EC5A8A007C7014 /* Coordinates.swift */,
				92D2F9602811ECAF00BDE7F0 /* DirectionShape.swift */,
				9258D4FF281B2F85000FB1C3 /* NearbyBuildingsTourView.swift */,
			);
			path = NearbyBuildings;
			sourceTree = "<group>";
		};
/* End PBXGroup section */

/* Begin PBXNativeTarget section */
		920625A227C6B6E3008BE8B5 /* CSUFExplore */ = {
			isa = PBXNativeTarget;
			buildConfigurationList = 920625C727C6B6E5008BE8B5 /* Build configuration list for PBXNativeTarget "CSUFExplore" */;
			buildPhases = (
				9206259F27C6B6E3008BE8B5 /* Sources */,
				920625A027C6B6E3008BE8B5 /* Frameworks */,
				920625A127C6B6E3008BE8B5 /* Resources */,
			);
			buildRules = (
			);
			dependencies = (
			);
			name = CSUFExplore;
			productName = CSUFExplore;
			productReference = 920625A327C6B6E3008BE8B5 /* CSUFExplore.app */;
			productType = "com.apple.product-type.application";
		};
		920625B227C6B6E4008BE8B5 /* CSUFExploreTests */ = {
			isa = PBXNativeTarget;
			buildConfigurationList = 920625CA27C6B6E5008BE8B5 /* Build configuration list for PBXNativeTarget "CSUFExploreTests" */;
			buildPhases = (
				920625AF27C6B6E4008BE8B5 /* Sources */,
				920625B027C6B6E4008BE8B5 /* Frameworks */,
				920625B127C6B6E4008BE8B5 /* Resources */,
			);
			buildRules = (
			);
			dependencies = (
				920625B527C6B6E4008BE8B5 /* PBXTargetDependency */,
			);
			name = CSUFExploreTests;
			productName = CSUFExploreTests;
			productReference = 920625B327C6B6E4008BE8B5 /* CSUFExploreTests.xctest */;
			productType = "com.apple.product-type.bundle.unit-test";
		};
		920625BC27C6B6E5008BE8B5 /* CSUFExploreUITests */ = {
			isa = PBXNativeTarget;
			buildConfigurationList = 920625CD27C6B6E5008BE8B5 /* Build configuration list for PBXNativeTarget "CSUFExploreUITests" */;
			buildPhases = (
				920625B927C6B6E5008BE8B5 /* Sources */,
				920625BA27C6B6E5008BE8B5 /* Frameworks */,
				920625BB27C6B6E5008BE8B5 /* Resources */,
			);
			buildRules = (
			);
			dependencies = (
				920625BF27C6B6E5008BE8B5 /* PBXTargetDependency */,
			);
			name = CSUFExploreUITests;
			productName = CSUFExploreUITests;
			productReference = 920625BD27C6B6E5008BE8B5 /* CSUFExploreUITests.xctest */;
			productType = "com.apple.product-type.bundle.ui-testing";
		};
/* End PBXNativeTarget section */

/* Begin PBXProject section */
		9206259B27C6B6E2008BE8B5 /* Project object */ = {
			isa = PBXProject;
			attributes = {
				BuildIndependentTargetsInParallel = 1;
				LastSwiftUpdateCheck = 1320;
				LastUpgradeCheck = 1320;
				TargetAttributes = {
					920625A227C6B6E3008BE8B5 = {
						CreatedOnToolsVersion = 13.2.1;
					};
					920625B227C6B6E4008BE8B5 = {
						CreatedOnToolsVersion = 13.2.1;
						TestTargetID = 920625A227C6B6E3008BE8B5;
					};
					920625BC27C6B6E5008BE8B5 = {
						CreatedOnToolsVersion = 13.2.1;
						TestTargetID = 920625A227C6B6E3008BE8B5;
					};
				};
			};
			buildConfigurationList = 9206259E27C6B6E2008BE8B5 /* Build configuration list for PBXProject "CSUFExplore" */;
			compatibilityVersion = "Xcode 13.0";
			developmentRegion = en;
			hasScannedForEncodings = 0;
			knownRegions = (
				en,
				Base,
			);
			mainGroup = 9206259A27C6B6E2008BE8B5;
			productRefGroup = 920625A427C6B6E3008BE8B5 /* Products */;
			projectDirPath = "";
			projectRoot = "";
			targets = (
				920625A227C6B6E3008BE8B5 /* CSUFExplore */,
				920625B227C6B6E4008BE8B5 /* CSUFExploreTests */,
				920625BC27C6B6E5008BE8B5 /* CSUFExploreUITests */,
			);
		};
/* End PBXProject section */

/* Begin PBXResourcesBuildPhase section */
		920625A127C6B6E3008BE8B5 /* Resources */ = {
			isa = PBXResourcesBuildPhase;
			buildActionMask = 2147483647;
			files = (
				920625AE27C6B6E4008BE8B5 /* Preview Assets.xcassets in Resources */,
				920625D127C6B7AA008BE8B5 /* .gitignore in Resources */,
				920625AB27C6B6E4008BE8B5 /* Assets.xcassets in Resources */,
			);
			runOnlyForDeploymentPostprocessing = 0;
		};
		920625B127C6B6E4008BE8B5 /* Resources */ = {
			isa = PBXResourcesBuildPhase;
			buildActionMask = 2147483647;
			files = (
			);
			runOnlyForDeploymentPostprocessing = 0;
		};
		920625BB27C6B6E5008BE8B5 /* Resources */ = {
			isa = PBXResourcesBuildPhase;
			buildActionMask = 2147483647;
			files = (
			);
			runOnlyForDeploymentPostprocessing = 0;
		};
/* End PBXResourcesBuildPhase section */

/* Begin PBXSourcesBuildPhase section */
		9206259F27C6B6E3008BE8B5 /* Sources */ = {
			isa = PBXSourcesBuildPhase;
			buildActionMask = 2147483647;
			files = (
				C424FA3727FAC2E9002F0B0C /* AppInfoViews.swift in Sources */,
				921959F62829CAFA00FEB608 /* PGrid.swift in Sources */,
				921959E82829CAEC00FEB608 /* ArrowController.swift in Sources */,
				921959E92829CAEC00FEB608 /* CellButtonView.swift in Sources */,
				921959F42829CAFA00FEB608 /* MazeLocation.swift in Sources */,
				921959F72829CAFA00FEB608 /* FloodFill.swift in Sources */,
				921959EB2829CAEC00FEB608 /* GridView.swift in Sources */,
				920625A927C6B6E3008BE8B5 /* ContentView.swift in Sources */,
				92A82BC327C6FD2300473601 /* Building.swift in Sources */,
				921959F32829CAFA00FEB608 /* PGridNode.swift in Sources */,
				92A171A727D9FD6E005D4E7D /* MapAgent.swift in Sources */,
				92D2F9612811ECAF00BDE7F0 /* DirectionShape.swift in Sources */,
				921959E72829CAEC00FEB608 /* ArrowView.swift in Sources */,
				920625A727C6B6E3008BE8B5 /* CSUFExploreApp.swift in Sources */,
				9258D500281B2F85000FB1C3 /* NearbyBuildingsTourView.swift in Sources */,
				92FC976027EC5A8A007C7014 /* Coordinates.swift in Sources */,
				921959EA2829CAEC00FEB608 /* Grid.swift in Sources */,
				921959F82829CAFA00FEB608 /* BFS.swift in Sources */,
				921959F52829CAFA00FEB608 /* PathfinderView.swift in Sources */,
			);
			runOnlyForDeploymentPostprocessing = 0;
		};
		920625AF27C6B6E4008BE8B5 /* Sources */ = {
			isa = PBXSourcesBuildPhase;
			buildActionMask = 2147483647;
			files = (
				920625B827C6B6E4008BE8B5 /* CSUFExploreTests.swift in Sources */,
				C424FA3F28041328002F0B0C /* AppInfo.swift in Sources */,
			);
			runOnlyForDeploymentPostprocessing = 0;
		};
		920625B927C6B6E5008BE8B5 /* Sources */ = {
			isa = PBXSourcesBuildPhase;
			buildActionMask = 2147483647;
			files = (
				920625C427C6B6E5008BE8B5 /* CSUFExploreUITestsLaunchTests.swift in Sources */,
				920625C227C6B6E5008BE8B5 /* CSUFExploreUITests.swift in Sources */,
			);
			runOnlyForDeploymentPostprocessing = 0;
		};
/* End PBXSourcesBuildPhase section */

/* Begin PBXTargetDependency section */
		920625B527C6B6E4008BE8B5 /* PBXTargetDependency */ = {
			isa = PBXTargetDependency;
			target = 920625A227C6B6E3008BE8B5 /* CSUFExplore */;
			targetProxy = 920625B427C6B6E4008BE8B5 /* PBXContainerItemProxy */;
		};
		920625BF27C6B6E5008BE8B5 /* PBXTargetDependency */ = {
			isa = PBXTargetDependency;
			target = 920625A227C6B6E3008BE8B5 /* CSUFExplore */;
			targetProxy = 920625BE27C6B6E5008BE8B5 /* PBXContainerItemProxy */;
		};
/* End PBXTargetDependency section */

/* Begin XCBuildConfiguration section */
		920625C527C6B6E5008BE8B5 /* Debug */ = {
			isa = XCBuildConfiguration;
			buildSettings = {
				ALWAYS_SEARCH_USER_PATHS = NO;
				CLANG_ANALYZER_NONNULL = YES;
				CLANG_ANALYZER_NUMBER_OBJECT_CONVERSION = YES_AGGRESSIVE;
				CLANG_CXX_LANGUAGE_STANDARD = "gnu++17";
				CLANG_CXX_LIBRARY = "libc++";
				CLANG_ENABLE_MODULES = YES;
				CLANG_ENABLE_OBJC_ARC = YES;
				CLANG_ENABLE_OBJC_WEAK = YES;
				CLANG_WARN_BLOCK_CAPTURE_AUTORELEASING = YES;
				CLANG_WARN_BOOL_CONVERSION = YES;
				CLANG_WARN_COMMA = YES;
				CLANG_WARN_CONSTANT_CONVERSION = YES;
				CLANG_WARN_DEPRECATED_OBJC_IMPLEMENTATIONS = YES;
				CLANG_WARN_DIRECT_OBJC_ISA_USAGE = YES_ERROR;
				CLANG_WARN_DOCUMENTATION_COMMENTS = YES;
				CLANG_WARN_EMPTY_BODY = YES;
				CLANG_WARN_ENUM_CONVERSION = YES;
				CLANG_WARN_INFINITE_RECURSION = YES;
				CLANG_WARN_INT_CONVERSION = YES;
				CLANG_WARN_NON_LITERAL_NULL_CONVERSION = YES;
				CLANG_WARN_OBJC_IMPLICIT_RETAIN_SELF = YES;
				CLANG_WARN_OBJC_LITERAL_CONVERSION = YES;
				CLANG_WARN_OBJC_ROOT_CLASS = YES_ERROR;
				CLANG_WARN_QUOTED_INCLUDE_IN_FRAMEWORK_HEADER = YES;
				CLANG_WARN_RANGE_LOOP_ANALYSIS = YES;
				CLANG_WARN_STRICT_PROTOTYPES = YES;
				CLANG_WARN_SUSPICIOUS_MOVE = YES;
				CLANG_WARN_UNGUARDED_AVAILABILITY = YES_AGGRESSIVE;
				CLANG_WARN_UNREACHABLE_CODE = YES;
				CLANG_WARN__DUPLICATE_METHOD_MATCH = YES;
				COPY_PHASE_STRIP = NO;
				DEBUG_INFORMATION_FORMAT = dwarf;
				ENABLE_STRICT_OBJC_MSGSEND = YES;
				ENABLE_TESTABILITY = YES;
				GCC_C_LANGUAGE_STANDARD = gnu11;
				GCC_DYNAMIC_NO_PIC = NO;
				GCC_NO_COMMON_BLOCKS = YES;
				GCC_OPTIMIZATION_LEVEL = 0;
				GCC_PREPROCESSOR_DEFINITIONS = (
					"DEBUG=1",
					"$(inherited)",
				);
				GCC_WARN_64_TO_32_BIT_CONVERSION = YES;
				GCC_WARN_ABOUT_RETURN_TYPE = YES_ERROR;
				GCC_WARN_UNDECLARED_SELECTOR = YES;
				GCC_WARN_UNINITIALIZED_AUTOS = YES_AGGRESSIVE;
				GCC_WARN_UNUSED_FUNCTION = YES;
				GCC_WARN_UNUSED_VARIABLE = YES;
				IPHONEOS_DEPLOYMENT_TARGET = 15.2;
				MTL_ENABLE_DEBUG_INFO = INCLUDE_SOURCE;
				MTL_FAST_MATH = YES;
				ONLY_ACTIVE_ARCH = YES;
				SDKROOT = iphoneos;
				SWIFT_ACTIVE_COMPILATION_CONDITIONS = DEBUG;
				SWIFT_OPTIMIZATION_LEVEL = "-Onone";
			};
			name = Debug;
		};
		920625C627C6B6E5008BE8B5 /* Release */ = {
			isa = XCBuildConfiguration;
			buildSettings = {
				ALWAYS_SEARCH_USER_PATHS = NO;
				CLANG_ANALYZER_NONNULL = YES;
				CLANG_ANALYZER_NUMBER_OBJECT_CONVERSION = YES_AGGRESSIVE;
				CLANG_CXX_LANGUAGE_STANDARD = "gnu++17";
				CLANG_CXX_LIBRARY = "libc++";
				CLANG_ENABLE_MODULES = YES;
				CLANG_ENABLE_OBJC_ARC = YES;
				CLANG_ENABLE_OBJC_WEAK = YES;
				CLANG_WARN_BLOCK_CAPTURE_AUTORELEASING = YES;
				CLANG_WARN_BOOL_CONVERSION = YES;
				CLANG_WARN_COMMA = YES;
				CLANG_WARN_CONSTANT_CONVERSION = YES;
				CLANG_WARN_DEPRECATED_OBJC_IMPLEMENTATIONS = YES;
				CLANG_WARN_DIRECT_OBJC_ISA_USAGE = YES_ERROR;
				CLANG_WARN_DOCUMENTATION_COMMENTS = YES;
				CLANG_WARN_EMPTY_BODY = YES;
				CLANG_WARN_ENUM_CONVERSION = YES;
				CLANG_WARN_INFINITE_RECURSION = YES;
				CLANG_WARN_INT_CONVERSION = YES;
				CLANG_WARN_NON_LITERAL_NULL_CONVERSION = YES;
				CLANG_WARN_OBJC_IMPLICIT_RETAIN_SELF = YES;
				CLANG_WARN_OBJC_LITERAL_CONVERSION = YES;
				CLANG_WARN_OBJC_ROOT_CLASS = YES_ERROR;
				CLANG_WARN_QUOTED_INCLUDE_IN_FRAMEWORK_HEADER = YES;
				CLANG_WARN_RANGE_LOOP_ANALYSIS = YES;
				CLANG_WARN_STRICT_PROTOTYPES = YES;
				CLANG_WARN_SUSPICIOUS_MOVE = YES;
				CLANG_WARN_UNGUARDED_AVAILABILITY = YES_AGGRESSIVE;
				CLANG_WARN_UNREACHABLE_CODE = YES;
				CLANG_WARN__DUPLICATE_METHOD_MATCH = YES;
				COPY_PHASE_STRIP = NO;
				DEBUG_INFORMATION_FORMAT = "dwarf-with-dsym";
				ENABLE_NS_ASSERTIONS = NO;
				ENABLE_STRICT_OBJC_MSGSEND = YES;
				GCC_C_LANGUAGE_STANDARD = gnu11;
				GCC_NO_COMMON_BLOCKS = YES;
				GCC_WARN_64_TO_32_BIT_CONVERSION = YES;
				GCC_WARN_ABOUT_RETURN_TYPE = YES_ERROR;
				GCC_WARN_UNDECLARED_SELECTOR = YES;
				GCC_WARN_UNINITIALIZED_AUTOS = YES_AGGRESSIVE;
				GCC_WARN_UNUSED_FUNCTION = YES;
				GCC_WARN_UNUSED_VARIABLE = YES;
				IPHONEOS_DEPLOYMENT_TARGET = 15.2;
				MTL_ENABLE_DEBUG_INFO = NO;
				MTL_FAST_MATH = YES;
				SDKROOT = iphoneos;
				SWIFT_COMPILATION_MODE = wholemodule;
				SWIFT_OPTIMIZATION_LEVEL = "-O";
				VALIDATE_PRODUCT = YES;
			};
			name = Release;
		};
		920625C827C6B6E5008BE8B5 /* Debug */ = {
			isa = XCBuildConfiguration;
			buildSettings = {
				ASSETCATALOG_COMPILER_APPICON_NAME = AppIcon;
				ASSETCATALOG_COMPILER_GLOBAL_ACCENT_COLOR_NAME = AccentColor;
				CODE_SIGN_STYLE = Automatic;
				CURRENT_PROJECT_VERSION = 1;
				DEVELOPMENT_ASSET_PATHS = "\"CSUFExplore/Preview Content\"";
				DEVELOPMENT_TEAM = PAPG96B6SC;
				ENABLE_PREVIEWS = YES;
				GENERATE_INFOPLIST_FILE = YES;
				INFOPLIST_KEY_UIApplicationSceneManifest_Generation = YES;
				INFOPLIST_KEY_UIApplicationSupportsIndirectInputEvents = YES;
				INFOPLIST_KEY_UILaunchScreen_Generation = YES;
				INFOPLIST_KEY_UISupportedInterfaceOrientations_iPad = "UIInterfaceOrientationPortrait UIInterfaceOrientationPortraitUpsideDown UIInterfaceOrientationLandscapeLeft UIInterfaceOrientationLandscapeRight";
				INFOPLIST_KEY_UISupportedInterfaceOrientations_iPhone = "UIInterfaceOrientationPortrait UIInterfaceOrientationLandscapeLeft UIInterfaceOrientationLandscapeRight";
				LD_RUNPATH_SEARCH_PATHS = (
					"$(inherited)",
					"@executable_path/Frameworks",
				);
				MARKETING_VERSION = 1.0;
				PRODUCT_BUNDLE_IDENTIFIER = com.group5.CSUFExplore;
				PRODUCT_NAME = "$(TARGET_NAME)";
				SWIFT_EMIT_LOC_STRINGS = YES;
				SWIFT_VERSION = 5.0;
				TARGETED_DEVICE_FAMILY = "1,2";
			};
			name = Debug;
		};
		920625C927C6B6E5008BE8B5 /* Release */ = {
			isa = XCBuildConfiguration;
			buildSettings = {
				ASSETCATALOG_COMPILER_APPICON_NAME = AppIcon;
				ASSETCATALOG_COMPILER_GLOBAL_ACCENT_COLOR_NAME = AccentColor;
				CODE_SIGN_STYLE = Automatic;
				CURRENT_PROJECT_VERSION = 1;
				DEVELOPMENT_ASSET_PATHS = "\"CSUFExplore/Preview Content\"";
				DEVELOPMENT_TEAM = PAPG96B6SC;
				ENABLE_PREVIEWS = YES;
				GENERATE_INFOPLIST_FILE = YES;
				INFOPLIST_KEY_UIApplicationSceneManifest_Generation = YES;
				INFOPLIST_KEY_UIApplicationSupportsIndirectInputEvents = YES;
				INFOPLIST_KEY_UILaunchScreen_Generation = YES;
				INFOPLIST_KEY_UISupportedInterfaceOrientations_iPad = "UIInterfaceOrientationPortrait UIInterfaceOrientationPortraitUpsideDown UIInterfaceOrientationLandscapeLeft UIInterfaceOrientationLandscapeRight";
				INFOPLIST_KEY_UISupportedInterfaceOrientations_iPhone = "UIInterfaceOrientationPortrait UIInterfaceOrientationLandscapeLeft UIInterfaceOrientationLandscapeRight";
				LD_RUNPATH_SEARCH_PATHS = (
					"$(inherited)",
					"@executable_path/Frameworks",
				);
				MARKETING_VERSION = 1.0;
				PRODUCT_BUNDLE_IDENTIFIER = com.group5.CSUFExplore;
				PRODUCT_NAME = "$(TARGET_NAME)";
				SWIFT_EMIT_LOC_STRINGS = YES;
				SWIFT_VERSION = 5.0;
				TARGETED_DEVICE_FAMILY = "1,2";
			};
			name = Release;
		};
		920625CB27C6B6E5008BE8B5 /* Debug */ = {
			isa = XCBuildConfiguration;
			buildSettings = {
				ALWAYS_EMBED_SWIFT_STANDARD_LIBRARIES = YES;
				BUNDLE_LOADER = "$(TEST_HOST)";
				CODE_SIGN_STYLE = Automatic;
				CURRENT_PROJECT_VERSION = 1;
				GENERATE_INFOPLIST_FILE = YES;
				IPHONEOS_DEPLOYMENT_TARGET = 15.2;
				MARKETING_VERSION = 1.0;
				PRODUCT_BUNDLE_IDENTIFIER = com.groupnamehere.CSUFExploreTests;
				PRODUCT_NAME = "$(TARGET_NAME)";
				SWIFT_EMIT_LOC_STRINGS = NO;
				SWIFT_VERSION = 5.0;
				TARGETED_DEVICE_FAMILY = "1,2";
				TEST_HOST = "$(BUILT_PRODUCTS_DIR)/CSUFExplore.app/CSUFExplore";
			};
			name = Debug;
		};
		920625CC27C6B6E5008BE8B5 /* Release */ = {
			isa = XCBuildConfiguration;
			buildSettings = {
				ALWAYS_EMBED_SWIFT_STANDARD_LIBRARIES = YES;
				BUNDLE_LOADER = "$(TEST_HOST)";
				CODE_SIGN_STYLE = Automatic;
				CURRENT_PROJECT_VERSION = 1;
				GENERATE_INFOPLIST_FILE = YES;
				IPHONEOS_DEPLOYMENT_TARGET = 15.2;
				MARKETING_VERSION = 1.0;
				PRODUCT_BUNDLE_IDENTIFIER = com.groupnamehere.CSUFExploreTests;
				PRODUCT_NAME = "$(TARGET_NAME)";
				SWIFT_EMIT_LOC_STRINGS = NO;
				SWIFT_VERSION = 5.0;
				TARGETED_DEVICE_FAMILY = "1,2";
				TEST_HOST = "$(BUILT_PRODUCTS_DIR)/CSUFExplore.app/CSUFExplore";
			};
			name = Release;
		};
		920625CE27C6B6E5008BE8B5 /* Debug */ = {
			isa = XCBuildConfiguration;
			buildSettings = {
				ALWAYS_EMBED_SWIFT_STANDARD_LIBRARIES = YES;
				CODE_SIGN_STYLE = Automatic;
				CURRENT_PROJECT_VERSION = 1;
				GENERATE_INFOPLIST_FILE = YES;
				MARKETING_VERSION = 1.0;
				PRODUCT_BUNDLE_IDENTIFIER = com.groupnamehere.CSUFExploreUITests;
				PRODUCT_NAME = "$(TARGET_NAME)";
				SWIFT_EMIT_LOC_STRINGS = NO;
				SWIFT_VERSION = 5.0;
				TARGETED_DEVICE_FAMILY = "1,2";
				TEST_TARGET_NAME = CSUFExplore;
			};
			name = Debug;
		};
		920625CF27C6B6E5008BE8B5 /* Release */ = {
			isa = XCBuildConfiguration;
			buildSettings = {
				ALWAYS_EMBED_SWIFT_STANDARD_LIBRARIES = YES;
				CODE_SIGN_STYLE = Automatic;
				CURRENT_PROJECT_VERSION = 1;
				GENERATE_INFOPLIST_FILE = YES;
				MARKETING_VERSION = 1.0;
				PRODUCT_BUNDLE_IDENTIFIER = com.groupnamehere.CSUFExploreUITests;
				PRODUCT_NAME = "$(TARGET_NAME)";
				SWIFT_EMIT_LOC_STRINGS = NO;
				SWIFT_VERSION = 5.0;
				TARGETED_DEVICE_FAMILY = "1,2";
				TEST_TARGET_NAME = CSUFExplore;
			};
			name = Release;
		};
/* End XCBuildConfiguration section */

/* Begin XCConfigurationList section */
		9206259E27C6B6E2008BE8B5 /* Build configuration list for PBXProject "CSUFExplore" */ = {
			isa = XCConfigurationList;
			buildConfigurations = (
				920625C527C6B6E5008BE8B5 /* Debug */,
				920625C627C6B6E5008BE8B5 /* Release */,
			);
			defaultConfigurationIsVisible = 0;
			defaultConfigurationName = Release;
		};
		920625C727C6B6E5008BE8B5 /* Build configuration list for PBXNativeTarget "CSUFExplore" */ = {
			isa = XCConfigurationList;
			buildConfigurations = (
				920625C827C6B6E5008BE8B5 /* Debug */,
				920625C927C6B6E5008BE8B5 /* Release */,
			);
			defaultConfigurationIsVisible = 0;
			defaultConfigurationName = Release;
		};
		920625CA27C6B6E5008BE8B5 /* Build configuration list for PBXNativeTarget "CSUFExploreTests" */ = {
			isa = XCConfigurationList;
			buildConfigurations = (
				920625CB27C6B6E5008BE8B5 /* Debug */,
				920625CC27C6B6E5008BE8B5 /* Release */,
			);
			defaultConfigurationIsVisible = 0;
			defaultConfigurationName = Release;
		};
		920625CD27C6B6E5008BE8B5 /* Build configuration list for PBXNativeTarget "CSUFExploreUITests" */ = {
			isa = XCConfigurationList;
			buildConfigurations = (
				920625CE27C6B6E5008BE8B5 /* Debug */,
				920625CF27C6B6E5008BE8B5 /* Release */,
			);
			defaultConfigurationIsVisible = 0;
			defaultConfigurationName = Release;
		};
/* End XCConfigurationList section */
	};
	rootObject = 9206259B27C6B6E2008BE8B5 /* Project object */;
}
